
Microsoft Visual Studio Solution File, Format Version 12.00
# Visual Studio Version 17
VisualStudioVersion = 17.14.36414.22
MinimumVisualStudioVersion = 10.0.40219.1
Project("{FAE04EC0-301F-11D3-BF4B-00C04F79EFBC}") = "AiNetStudio", "AiNetStudio.csproj", "{1CEFF5DE-7929-4F8F-85D1-05309F3CD956}"
EndProject
Global
	GlobalSection(SolutionConfigurationPlatforms) = preSolution
		Debug|Any CPU = Debug|Any CPU
		Debug|x64 = Debug|x64
		Release|Any CPU = Release|Any CPU
		Release|x64 = Release|x64
	EndGlobalSection
	GlobalSection(ProjectConfigurationPlatforms) = postSolution
		{1CEFF5DE-7929-4F8F-85D1-05309F3CD956}.Debug|Any CPU.ActiveCfg = Debug|Any CPU
		{1CEFF5DE-7929-4F8F-85D1-05309F3CD956}.Debug|Any CPU.Build.0 = Debug|Any CPU
		{1CEFF5DE-7929-4F8F-85D1-05309F3CD956}.Debug|x64.ActiveCfg = Debug|x64
		{1CEFF5DE-7929-4F8F-85D1-05309F3CD956}.Debug|x64.Build.0 = Debug|x64
		{1CEFF5DE-7929-4F8F-85D1-05309F3CD956}.Release|Any CPU.ActiveCfg = Release|Any CPU
		{1CEFF5DE-7929-4F8F-85D1-05309F3CD956}.Release|Any CPU.Build.0 = Release|Any CPU
		{1CEFF5DE-7929-4F8F-85D1-05309F3CD956}.Release|x64.ActiveCfg = Release|x64
		{1CEFF5DE-7929-4F8F-85D1-05309F3CD956}.Release|x64.Build.0 = Release|x64
	EndGlobalSection
	GlobalSection(SolutionProperties) = preSolution
		HideSolutionNode = FALSE
	EndGlobalSection
	GlobalSection(ExtensibilityGlobals) = postSolution
		SolutionGuid = {D9D6BF90-87E8-4A8B-B593-710A48393A78}
	EndGlobalSection
EndGlobal
